
Microsoft Visual Studio Solution File, Format Version 12.00
# Visual Studio Version 16
VisualStudioVersion = 16.0.33801.447
MinimumVisualStudioVersion = 10.0.40219.1
Project("{FAE04EC0-301F-11D3-BF4B-00C04F79EFBC}") = "Lab5.2", "Lab5.2\Lab5.2.csproj", "{33370097-BBD9-49E8-B8BF-C6F155474ADB}"
EndProject
Global
	GlobalSection(SolutionConfigurationPlatforms) = preSolution
		Debug|Any CPU = Debug|Any CPU
		Release|Any CPU = Release|Any CPU
	EndGlobalSection
	GlobalSection(ProjectConfigurationPlatforms) = postSolution
		{33370097-BBD9-49E8-B8BF-C6F155474ADB}.Debug|Any CPU.ActiveCfg = Debug|Any CPU
		{33370097-BBD9-49E8-B8BF-C6F155474ADB}.Debug|Any CPU.Build.0 = Debug|Any CPU
		{33370097-BBD9-49E8-B8BF-C6F155474ADB}.Release|Any CPU.ActiveCfg = Release|Any CPU
		{33370097-BBD9-49E8-B8BF-C6F155474ADB}.Release|Any CPU.Build.0 = Release|Any CPU
	EndGlobalSection
	GlobalSection(SolutionProperties) = preSolution
		HideSolutionNode = FALSE
	EndGlobalSection
	GlobalSection(ExtensibilityGlobals) = postSolution
		SolutionGuid = {F5014621-6981-4AE7-8E84-4E7D8F7BC007}
	EndGlobalSection
EndGlobal
